
Microsoft Visual Studio Solution File, Format Version 12.00
# Visual Studio Version 17
VisualStudioVersion = 17.9.34902.65
MinimumVisualStudioVersion = 10.0.40219.1
Project("{F184B08F-C81C-45F6-A57F-5ABD9991F28F}") = "Library Management System", "Library Management System.vbproj", "{10A992EF-2A11-4D8B-864A-3347BDFA0F9F}"
EndProject
Global
	GlobalSection(SolutionConfigurationPlatforms) = preSolution
		Debug|Any CPU = Debug|Any CPU
		Release|Any CPU = Release|Any CPU
	EndGlobalSection
	GlobalSection(ProjectConfigurationPlatforms) = postSolution
		{10A992EF-2A11-4D8B-864A-3347BDFA0F9F}.Debug|Any CPU.ActiveCfg = Debug|Any CPU
		{10A992EF-2A11-4D8B-864A-3347BDFA0F9F}.Debug|Any CPU.Build.0 = Debug|Any CPU
		{10A992EF-2A11-4D8B-864A-3347BDFA0F9F}.Release|Any CPU.ActiveCfg = Release|Any CPU
		{10A992EF-2A11-4D8B-864A-3347BDFA0F9F}.Release|Any CPU.Build.0 = Release|Any CPU
	EndGlobalSection
	GlobalSection(SolutionProperties) = preSolution
		HideSolutionNode = FALSE
	EndGlobalSection
	GlobalSection(ExtensibilityGlobals) = postSolution
		SolutionGuid = {70FC2F12-D42C-4FE2-8E2C-B0E593A99713}
	EndGlobalSection
EndGlobal
